
Microsoft Visual Studio Solution File, Format Version 12.00
Project("{2150E333-8FDC-42A3-9474-1A3956D46DE8}") = "src", "src", "{827E0CD3-B72D-47B6-A68D-7590B98EB39B}"
EndProject
Project("{FAE04EC0-301F-11D3-BF4B-00C04F79EFBC}") = "Seqvium.Core", "src\Seqvium.Core\Seqvium.Core.csproj", "{EDF05D49-69B6-44B4-896E-47EE144BACA5}"
EndProject
Project("{2150E333-8FDC-42A3-9474-1A3956D46DE8}") = "tests", "tests", "{0AB3BF05-4346-4AA6-1389-037BE0695223}"
EndProject
Project("{FAE04EC0-301F-11D3-BF4B-00C04F79EFBC}") = "Seqvium.Tests", "tests\Seqvium.Tests\Seqvium.Tests.csproj", "{D4CC32E1-1399-4735-97D3-966DE3EA1AD5}"
EndProject
Project("{FAE04EC0-301F-11D3-BF4B-00C04F79EFBC}") = "Seqvium.Audio.Windows", "src\Seqvium.Audio.Windows\Seqvium.Audio.Windows.csproj", "{61BC9FB0-C8F1-4CAB-93DC-151A15F8A232}"
EndProject
Project("{2150E333-8FDC-42A3-9474-1A3956D46DE8}") = "tools", "tools", "{81BC9FB0-C8F1-4CAB-93DC-151A15F8A232}"
EndProject
Project("{FAE04EC0-301F-11D3-BF4B-00C04F79EFBC}") = "Seqvium.DeviceCheck", "tools\Seqvium.DeviceCheck\Seqvium.DeviceCheck.csproj", "{71BC9FB0-C8F1-4CAB-93DC-151A15F8A232}"
EndProject
Project("{FAE04EC0-301F-11D3-BF4B-00C04F79EFBC}") = "Seqvium.Desktop", "src\Seqvium.Desktop\Seqvium.Desktop.csproj", "{91BC9FB0-C8F1-4CAB-93DC-151A15F8A232}"
EndProject
Global
	GlobalSection(SolutionConfigurationPlatforms) = preSolution
		Debug|Any CPU = Debug|Any CPU
		Debug|x64 = Debug|x64
		Debug|x86 = Debug|x86
		Release|Any CPU = Release|Any CPU
		Release|x64 = Release|x64
		Release|x86 = Release|x86
	EndGlobalSection
	GlobalSection(ProjectConfigurationPlatforms) = postSolution
		{91BC9FB0-C8F1-4CAB-93DC-151A15F8A232}.Debug|Any CPU.ActiveCfg = Debug|Any CPU
		{91BC9FB0-C8F1-4CAB-93DC-151A15F8A232}.Debug|Any CPU.Build.0 = Debug|Any CPU
		{91BC9FB0-C8F1-4CAB-93DC-151A15F8A232}.Debug|x64.ActiveCfg = Debug|Any CPU
		{91BC9FB0-C8F1-4CAB-93DC-151A15F8A232}.Debug|x64.Build.0 = Debug|Any CPU
		{91BC9FB0-C8F1-4CAB-93DC-151A15F8A232}.Debug|x86.ActiveCfg = Debug|Any CPU
		{91BC9FB0-C8F1-4CAB-93DC-151A15F8A232}.Debug|x86.Build.0 = Debug|Any CPU
		{91BC9FB0-C8F1-4CAB-93DC-151A15F8A232}.Release|Any CPU.ActiveCfg = Release|Any CPU
		{91BC9FB0-C8F1-4CAB-93DC-151A15F8A232}.Release|Any CPU.Build.0 = Release|Any CPU
		{91BC9FB0-C8F1-4CAB-93DC-151A15F8A232}.Release|x64.ActiveCfg = Release|Any CPU
		{91BC9FB0-C8F1-4CAB-93DC-151A15F8A232}.Release|x64.Build.0 = Release|Any CPU
		{91BC9FB0-C8F1-4CAB-93DC-151A15F8A232}.Release|x86.ActiveCfg = Release|Any CPU
		{91BC9FB0-C8F1-4CAB-93DC-151A15F8A232}.Release|x86.Build.0 = Release|Any CPU
		{61BC9FB0-C8F1-4CAB-93DC-151A15F8A232}.Debug|Any CPU.ActiveCfg = Debug|Any CPU
		{61BC9FB0-C8F1-4CAB-93DC-151A15F8A232}.Debug|Any CPU.Build.0 = Debug|Any CPU
		{61BC9FB0-C8F1-4CAB-93DC-151A15F8A232}.Debug|x64.ActiveCfg = Debug|Any CPU
		{61BC9FB0-C8F1-4CAB-93DC-151A15F8A232}.Debug|x64.Build.0 = Debug|Any CPU
		{61BC9FB0-C8F1-4CAB-93DC-151A15F8A232}.Debug|x86.ActiveCfg = Debug|Any CPU
		{61BC9FB0-C8F1-4CAB-93DC-151A15F8A232}.Debug|x86.Build.0 = Debug|Any CPU
		{61BC9FB0-C8F1-4CAB-93DC-151A15F8A232}.Release|Any CPU.ActiveCfg = Release|Any CPU
		{61BC9FB0-C8F1-4CAB-93DC-151A15F8A232}.Release|Any CPU.Build.0 = Release|Any CPU
		{61BC9FB0-C8F1-4CAB-93DC-151A15F8A232}.Release|x64.ActiveCfg = Release|Any CPU
		{61BC9FB0-C8F1-4CAB-93DC-151A15F8A232}.Release|x64.Build.0 = Release|Any CPU
		{61BC9FB0-C8F1-4CAB-93DC-151A15F8A232}.Release|x86.ActiveCfg = Release|Any CPU
		{61BC9FB0-C8F1-4CAB-93DC-151A15F8A232}.Release|x86.Build.0 = Release|Any CPU
		{71BC9FB0-C8F1-4CAB-93DC-151A15F8A232}.Debug|Any CPU.ActiveCfg = Debug|Any CPU
		{71BC9FB0-C8F1-4CAB-93DC-151A15F8A232}.Debug|Any CPU.Build.0 = Debug|Any CPU
		{71BC9FB0-C8F1-4CAB-93DC-151A15F8A232}.Debug|x64.ActiveCfg = Debug|Any CPU
		{71BC9FB0-C8F1-4CAB-93DC-151A15F8A232}.Debug|x64.Build.0 = Debug|Any CPU
		{71BC9FB0-C8F1-4CAB-93DC-151A15F8A232}.Debug|x86.ActiveCfg = Debug|Any CPU
		{71BC9FB0-C8F1-4CAB-93DC-151A15F8A232}.Debug|x86.Build.0 = Debug|Any CPU
		{71BC9FB0-C8F1-4CAB-93DC-151A15F8A232}.Release|Any CPU.ActiveCfg = Release|Any CPU
		{71BC9FB0-C8F1-4CAB-93DC-151A15F8A232}.Release|Any CPU.Build.0 = Release|Any CPU
		{71BC9FB0-C8F1-4CAB-93DC-151A15F8A232}.Release|x64.ActiveCfg = Release|Any CPU
		{71BC9FB0-C8F1-4CAB-93DC-151A15F8A232}.Release|x64.Build.0 = Release|Any CPU
		{71BC9FB0-C8F1-4CAB-93DC-151A15F8A232}.Release|x86.ActiveCfg = Release|Any CPU
		{71BC9FB0-C8F1-4CAB-93DC-151A15F8A232}.Release|x86.Build.0 = Release|Any CPU
		{EDF05D49-69B6-44B4-896E-47EE144BACA5}.Debug|Any CPU.ActiveCfg = Debug|Any CPU
		{EDF05D49-69B6-44B4-896E-47EE144BACA5}.Debug|Any CPU.Build.0 = Debug|Any CPU
		{EDF05D49-69B6-44B4-896E-47EE144BACA5}.Debug|x64.ActiveCfg = Debug|Any CPU
		{EDF05D49-69B6-44B4-896E-47EE144BACA5}.Debug|x64.Build.0 = Debug|Any CPU
		{EDF05D49-69B6-44B4-896E-47EE144BACA5}.Debug|x86.ActiveCfg = Debug|Any CPU
		{EDF05D49-69B6-44B4-896E-47EE144BACA5}.Debug|x86.Build.0 = Debug|Any CPU
		{EDF05D49-69B6-44B4-896E-47EE144BACA5}.Release|Any CPU.ActiveCfg = Release|Any CPU
		{EDF05D49-69B6-44B4-896E-47EE144BACA5}.Release|Any CPU.Build.0 = Release|Any CPU
		{EDF05D49-69B6-44B4-896E-47EE144BACA5}.Release|x64.ActiveCfg = Release|Any CPU
		{EDF05D49-69B6-44B4-896E-47EE144BACA5}.Release|x64.Build.0 = Release|Any CPU
		{EDF05D49-69B6-44B4-896E-47EE144BACA5}.Release|x86.ActiveCfg = Release|Any CPU
		{EDF05D49-69B6-44B4-896E-47EE144BACA5}.Release|x86.Build.0 = Release|Any CPU
		{D4CC32E1-1399-4735-97D3-966DE3EA1AD5}.Debug|Any CPU.ActiveCfg = Debug|Any CPU
		{D4CC32E1-1399-4735-97D3-966DE3EA1AD5}.Debug|Any CPU.Build.0 = Debug|Any CPU
		{D4CC32E1-1399-4735-97D3-966DE3EA1AD5}.Debug|x64.ActiveCfg = Debug|Any CPU
		{D4CC32E1-1399-4735-97D3-966DE3EA1AD5}.Debug|x64.Build.0 = Debug|Any CPU
		{D4CC32E1-1399-4735-97D3-966DE3EA1AD5}.Debug|x86.ActiveCfg = Debug|Any CPU
		{D4CC32E1-1399-4735-97D3-966DE3EA1AD5}.Debug|x86.Build.0 = Debug|Any CPU
		{D4CC32E1-1399-4735-97D3-966DE3EA1AD5}.Release|Any CPU.ActiveCfg = Release|Any CPU
		{D4CC32E1-1399-4735-97D3-966DE3EA1AD5}.Release|Any CPU.Build.0 = Release|Any CPU
		{D4CC32E1-1399-4735-97D3-966DE3EA1AD5}.Release|x64.ActiveCfg = Release|Any CPU
		{D4CC32E1-1399-4735-97D3-966DE3EA1AD5}.Release|x64.Build.0 = Release|Any CPU
		{D4CC32E1-1399-4735-97D3-966DE3EA1AD5}.Release|x86.ActiveCfg = Release|Any CPU
		{D4CC32E1-1399-4735-97D3-966DE3EA1AD5}.Release|x86.Build.0 = Release|Any CPU
	EndGlobalSection
	GlobalSection(SolutionProperties) = preSolution
		HideSolutionNode = FALSE
	EndGlobalSection
	GlobalSection(NestedProjects) = preSolution
		{91BC9FB0-C8F1-4CAB-93DC-151A15F8A232} = {827E0CD3-B72D-47B6-A68D-7590B98EB39B}
		{EDF05D49-69B6-44B4-896E-47EE144BACA5} = {827E0CD3-B72D-47B6-A68D-7590B98EB39B}
		{D4CC32E1-1399-4735-97D3-966DE3EA1AD5} = {0AB3BF05-4346-4AA6-1389-037BE0695223}
		{61BC9FB0-C8F1-4CAB-93DC-151A15F8A232} = {827E0CD3-B72D-47B6-A68D-7590B98EB39B}
		{71BC9FB0-C8F1-4CAB-93DC-151A15F8A232} = {81BC9FB0-C8F1-4CAB-93DC-151A15F8A232}
	EndGlobalSection
EndGlobal
